
Microsoft Visual Studio Solution File, Format Version 12.00
Project("{FAE04EC0-301F-11D3-BF4B-00C04F79EFBC}") = "SharpApple", "SharpApple\SharpApple.csproj", "{09884A56-5E03-46BA-B221-16341F199E36}"
EndProject
Global
	GlobalSection(SolutionConfigurationPlatforms) = preSolution
		Debug|Any CPU = Debug|Any CPU
		Release|Any CPU = Release|Any CPU
	EndGlobalSection
	GlobalSection(ProjectConfigurationPlatforms) = postSolution
		{09884A56-5E03-46BA-B221-16341F199E36}.Debug|Any CPU.ActiveCfg = Debug|Any CPU
		{09884A56-5E03-46BA-B221-16341F199E36}.Debug|Any CPU.Build.0 = Debug|Any CPU
		{09884A56-5E03-46BA-B221-16341F199E36}.Release|Any CPU.ActiveCfg = Release|Any CPU
		{09884A56-5E03-46BA-B221-16341F199E36}.Release|Any CPU.Build.0 = Release|Any CPU
		{EE6211C8-F610-4001-AC2E-942B979BD319}.Debug|Any CPU.ActiveCfg = Debug|Any CPU
		{EE6211C8-F610-4001-AC2E-942B979BD319}.Debug|Any CPU.Build.0 = Debug|Any CPU
		{EE6211C8-F610-4001-AC2E-942B979BD319}.Release|Any CPU.ActiveCfg = Release|Any CPU
		{EE6211C8-F610-4001-AC2E-942B979BD319}.Release|Any CPU.Build.0 = Release|Any CPU
	EndGlobalSection
EndGlobal
